
Microsoft Visual Studio Solution File, Format Version 12.00
# Visual Studio Version 17
VisualStudioVersion = 17.3.32819.101
MinimumVisualStudioVersion = 10.0.40219.1
Project("{8BC9CEB8-8B4A-11D0-8D11-00A0C91BC942}") = "rectangle", "rectangle\rectangle.vcxproj", "{0854DF31-F101-4ED4-94B0-405CFABD0884}"
EndProject
Project("{8BC9CEB8-8B4A-11D0-8D11-00A0C91BC942}") = "smarthome", "smarthome\smarthome.vcxproj", "{24CF83FB-6E8F-4F4E-84F5-2684660F88D6}"
EndProject
Project("{8BC9CEB8-8B4A-11D0-8D11-00A0C91BC942}") = "musicstreaming", "musicstreaming\musicstreaming.vcxproj", "{BC4A96F9-F262-47AB-84EC-D614054E351B}"
EndProject
Project("{8BC9CEB8-8B4A-11D0-8D11-00A0C91BC942}") = "PetPuppy", "PetPuppy\PetPuppy.vcxproj", "{A9D59CD2-DEE4-4259-A177-D82F2D3EF685}"
EndProject
Project("{8BC9CEB8-8B4A-11D0-8D11-00A0C91BC942}") = "birthday", "birthday\birthday.vcxproj", "{A737190A-FE80-4173-826C-BB868749C057}"
EndProject
Project("{8BC9CEB8-8B4A-11D0-8D11-00A0C91BC942}") = "reference", "reference\reference.vcxproj", "{CC171350-1799-4A1A-AE84-6CFBCF80C4BE}"
EndProject
Project("{8BC9CEB8-8B4A-11D0-8D11-00A0C91BC942}") = "Polynomial", "Polynomial\Polynomial.vcxproj", "{DB85A399-BE58-42E5-8A8D-D861CFF52DD1}"
EndProject
Global
	GlobalSection(SolutionConfigurationPlatforms) = preSolution
		Debug|x64 = Debug|x64
		Debug|x86 = Debug|x86
		Release|x64 = Release|x64
		Release|x86 = Release|x86
	EndGlobalSection
	GlobalSection(ProjectConfigurationPlatforms) = postSolution
		{0854DF31-F101-4ED4-94B0-405CFABD0884}.Debug|x64.ActiveCfg = Debug|x64
		{0854DF31-F101-4ED4-94B0-405CFABD0884}.Debug|x64.Build.0 = Debug|x64
		{0854DF31-F101-4ED4-94B0-405CFABD0884}.Debug|x86.ActiveCfg = Debug|Win32
		{0854DF31-F101-4ED4-94B0-405CFABD0884}.Debug|x86.Build.0 = Debug|Win32
		{0854DF31-F101-4ED4-94B0-405CFABD0884}.Release|x64.ActiveCfg = Release|x64
		{0854DF31-F101-4ED4-94B0-405CFABD0884}.Release|x64.Build.0 = Release|x64
		{0854DF31-F101-4ED4-94B0-405CFABD0884}.Release|x86.ActiveCfg = Release|Win32
		{0854DF31-F101-4ED4-94B0-405CFABD0884}.Release|x86.Build.0 = Release|Win32
		{24CF83FB-6E8F-4F4E-84F5-2684660F88D6}.Debug|x64.ActiveCfg = Debug|x64
		{24CF83FB-6E8F-4F4E-84F5-2684660F88D6}.Debug|x64.Build.0 = Debug|x64
		{24CF83FB-6E8F-4F4E-84F5-2684660F88D6}.Debug|x86.ActiveCfg = Debug|Win32
		{24CF83FB-6E8F-4F4E-84F5-2684660F88D6}.Debug|x86.Build.0 = Debug|Win32
		{24CF83FB-6E8F-4F4E-84F5-2684660F88D6}.Release|x64.ActiveCfg = Release|x64
		{24CF83FB-6E8F-4F4E-84F5-2684660F88D6}.Release|x64.Build.0 = Release|x64
		{24CF83FB-6E8F-4F4E-84F5-2684660F88D6}.Release|x86.ActiveCfg = Release|Win32
		{24CF83FB-6E8F-4F4E-84F5-2684660F88D6}.Release|x86.Build.0 = Release|Win32
		{BC4A96F9-F262-47AB-84EC-D614054E351B}.Debug|x64.ActiveCfg = Debug|x64
		{BC4A96F9-F262-47AB-84EC-D614054E351B}.Debug|x64.Build.0 = Debug|x64
		{BC4A96F9-F262-47AB-84EC-D614054E351B}.Debug|x86.ActiveCfg = Debug|Win32
		{BC4A96F9-F262-47AB-84EC-D614054E351B}.Debug|x86.Build.0 = Debug|Win32
		{BC4A96F9-F262-47AB-84EC-D614054E351B}.Release|x64.ActiveCfg = Release|x64
		{BC4A96F9-F262-47AB-84EC-D614054E351B}.Release|x64.Build.0 = Release|x64
		{BC4A96F9-F262-47AB-84EC-D614054E351B}.Release|x86.ActiveCfg = Release|Win32
		{BC4A96F9-F262-47AB-84EC-D614054E351B}.Release|x86.Build.0 = Release|Win32
		{A9D59CD2-DEE4-4259-A177-D82F2D3EF685}.Debug|x64.ActiveCfg = Debug|x64
		{A9D59CD2-DEE4-4259-A177-D82F2D3EF685}.Debug|x64.Build.0 = Debug|x64
		{A9D59CD2-DEE4-4259-A177-D82F2D3EF685}.Debug|x86.ActiveCfg = Debug|Win32
		{A9D59CD2-DEE4-4259-A177-D82F2D3EF685}.Debug|x86.Build.0 = Debug|Win32
		{A9D59CD2-DEE4-4259-A177-D82F2D3EF685}.Release|x64.ActiveCfg = Release|x64
		{A9D59CD2-DEE4-4259-A177-D82F2D3EF685}.Release|x64.Build.0 = Release|x64
		{A9D59CD2-DEE4-4259-A177-D82F2D3EF685}.Release|x86.ActiveCfg = Release|Win32
		{A9D59CD2-DEE4-4259-A177-D82F2D3EF685}.Release|x86.Build.0 = Release|Win32
		{A737190A-FE80-4173-826C-BB868749C057}.Debug|x64.ActiveCfg = Debug|x64
		{A737190A-FE80-4173-826C-BB868749C057}.Debug|x64.Build.0 = Debug|x64
		{A737190A-FE80-4173-826C-BB868749C057}.Debug|x86.ActiveCfg = Debug|Win32
		{A737190A-FE80-4173-826C-BB868749C057}.Debug|x86.Build.0 = Debug|Win32
		{A737190A-FE80-4173-826C-BB868749C057}.Release|x64.ActiveCfg = Release|x64
		{A737190A-FE80-4173-826C-BB868749C057}.Release|x64.Build.0 = Release|x64
		{A737190A-FE80-4173-826C-BB868749C057}.Release|x86.ActiveCfg = Release|Win32
		{A737190A-FE80-4173-826C-BB868749C057}.Release|x86.Build.0 = Release|Win32
		{CC171350-1799-4A1A-AE84-6CFBCF80C4BE}.Debug|x64.ActiveCfg = Debug|x64
		{CC171350-1799-4A1A-AE84-6CFBCF80C4BE}.Debug|x64.Build.0 = Debug|x64
		{CC171350-1799-4A1A-AE84-6CFBCF80C4BE}.Debug|x86.ActiveCfg = Debug|Win32
		{CC171350-1799-4A1A-AE84-6CFBCF80C4BE}.Debug|x86.Build.0 = Debug|Win32
		{CC171350-1799-4A1A-AE84-6CFBCF80C4BE}.Release|x64.ActiveCfg = Release|x64
		{CC171350-1799-4A1A-AE84-6CFBCF80C4BE}.Release|x64.Build.0 = Release|x64
		{CC171350-1799-4A1A-AE84-6CFBCF80C4BE}.Release|x86.ActiveCfg = Release|Win32
		{CC171350-1799-4A1A-AE84-6CFBCF80C4BE}.Release|x86.Build.0 = Release|Win32
		{DB85A399-BE58-42E5-8A8D-D861CFF52DD1}.Debug|x64.ActiveCfg = Debug|x64
		{DB85A399-BE58-42E5-8A8D-D861CFF52DD1}.Debug|x64.Build.0 = Debug|x64
		{DB85A399-BE58-42E5-8A8D-D861CFF52DD1}.Debug|x86.ActiveCfg = Debug|Win32
		{DB85A399-BE58-42E5-8A8D-D861CFF52DD1}.Debug|x86.Build.0 = Debug|Win32
		{DB85A399-BE58-42E5-8A8D-D861CFF52DD1}.Release|x64.ActiveCfg = Release|x64
		{DB85A399-BE58-42E5-8A8D-D861CFF52DD1}.Release|x64.Build.0 = Release|x64
		{DB85A399-BE58-42E5-8A8D-D861CFF52DD1}.Release|x86.ActiveCfg = Release|Win32
		{DB85A399-BE58-42E5-8A8D-D861CFF52DD1}.Release|x86.Build.0 = Release|Win32
	EndGlobalSection
	GlobalSection(SolutionProperties) = preSolution
		HideSolutionNode = FALSE
	EndGlobalSection
	GlobalSection(ExtensibilityGlobals) = postSolution
		SolutionGuid = {FF8C3A28-4F27-4AFC-9A8E-578094FBD589}
	EndGlobalSection
EndGlobal
