
Microsoft Visual Studio Solution File, Format Version 12.00
# Visual Studio Version 17
VisualStudioVersion = 17.5.33502.453
MinimumVisualStudioVersion = 10.0.40219.1
Project("{8BC9CEB8-8B4A-11D0-8D11-00A0C91BC942}") = "chap01_sum", "chap01_sum\chap01_sum.vcxproj", "{89EAF056-1641-46C8-8884-D48AED243BAD}"
EndProject
Global
	GlobalSection(SolutionConfigurationPlatforms) = preSolution
		Debug|x64 = Debug|x64
		Debug|x86 = Debug|x86
		Release|x64 = Release|x64
		Release|x86 = Release|x86
	EndGlobalSection
	GlobalSection(ProjectConfigurationPlatforms) = postSolution
		{89EAF056-1641-46C8-8884-D48AED243BAD}.Debug|x64.ActiveCfg = Debug|x64
		{89EAF056-1641-46C8-8884-D48AED243BAD}.Debug|x64.Build.0 = Debug|x64
		{89EAF056-1641-46C8-8884-D48AED243BAD}.Debug|x86.ActiveCfg = Debug|Win32
		{89EAF056-1641-46C8-8884-D48AED243BAD}.Debug|x86.Build.0 = Debug|Win32
		{89EAF056-1641-46C8-8884-D48AED243BAD}.Release|x64.ActiveCfg = Release|x64
		{89EAF056-1641-46C8-8884-D48AED243BAD}.Release|x64.Build.0 = Release|x64
		{89EAF056-1641-46C8-8884-D48AED243BAD}.Release|x86.ActiveCfg = Release|Win32
		{89EAF056-1641-46C8-8884-D48AED243BAD}.Release|x86.Build.0 = Release|Win32
	EndGlobalSection
	GlobalSection(SolutionProperties) = preSolution
		HideSolutionNode = FALSE
	EndGlobalSection
	GlobalSection(ExtensibilityGlobals) = postSolution
		SolutionGuid = {96B3FFAE-1C16-48D0-9116-69619EA159B6}
	EndGlobalSection
EndGlobal
