
Microsoft Visual Studio Solution File, Format Version 12.00
# Visual Studio Version 17
VisualStudioVersion = 17.5.33502.453
MinimumVisualStudioVersion = 10.0.40219.1
Project("{8BC9CEB8-8B4A-11D0-8D11-00A0C91BC942}") = "Chap02_Array", "Chap02_Array\Chap02_Array.vcxproj", "{AF7AC718-AC12-4CC3-9DE8-096B5795109B}"
EndProject
Project("{8BC9CEB8-8B4A-11D0-8D11-00A0C91BC942}") = "Chap02_findMax", "Chap02_findMax\Chap02_findMax.vcxproj", "{A890035A-37F1-4EE1-B1F9-4028BF979BF2}"
EndProject
Project("{8BC9CEB8-8B4A-11D0-8D11-00A0C91BC942}") = "Chap02_Class", "Chap02_Class\Chap02_Class.vcxproj", "{242F25CA-A79A-4390-A918-D0AF6BBF35A9}"
EndProject
Project("{8BC9CEB8-8B4A-11D0-8D11-00A0C91BC942}") = "Chap02_Complex", "Chap02_Complex\Chap02_Complex.vcxproj", "{4F03C3F8-4AD0-47BF-A7FB-BAD8F6551467}"
EndProject
Global
	GlobalSection(SolutionConfigurationPlatforms) = preSolution
		Debug|x64 = Debug|x64
		Debug|x86 = Debug|x86
		Release|x64 = Release|x64
		Release|x86 = Release|x86
	EndGlobalSection
	GlobalSection(ProjectConfigurationPlatforms) = postSolution
		{AF7AC718-AC12-4CC3-9DE8-096B5795109B}.Debug|x64.ActiveCfg = Debug|x64
		{AF7AC718-AC12-4CC3-9DE8-096B5795109B}.Debug|x64.Build.0 = Debug|x64
		{AF7AC718-AC12-4CC3-9DE8-096B5795109B}.Debug|x86.ActiveCfg = Debug|Win32
		{AF7AC718-AC12-4CC3-9DE8-096B5795109B}.Debug|x86.Build.0 = Debug|Win32
		{AF7AC718-AC12-4CC3-9DE8-096B5795109B}.Release|x64.ActiveCfg = Release|x64
		{AF7AC718-AC12-4CC3-9DE8-096B5795109B}.Release|x64.Build.0 = Release|x64
		{AF7AC718-AC12-4CC3-9DE8-096B5795109B}.Release|x86.ActiveCfg = Release|Win32
		{AF7AC718-AC12-4CC3-9DE8-096B5795109B}.Release|x86.Build.0 = Release|Win32
		{A890035A-37F1-4EE1-B1F9-4028BF979BF2}.Debug|x64.ActiveCfg = Debug|x64
		{A890035A-37F1-4EE1-B1F9-4028BF979BF2}.Debug|x64.Build.0 = Debug|x64
		{A890035A-37F1-4EE1-B1F9-4028BF979BF2}.Debug|x86.ActiveCfg = Debug|Win32
		{A890035A-37F1-4EE1-B1F9-4028BF979BF2}.Debug|x86.Build.0 = Debug|Win32
		{A890035A-37F1-4EE1-B1F9-4028BF979BF2}.Release|x64.ActiveCfg = Release|x64
		{A890035A-37F1-4EE1-B1F9-4028BF979BF2}.Release|x64.Build.0 = Release|x64
		{A890035A-37F1-4EE1-B1F9-4028BF979BF2}.Release|x86.ActiveCfg = Release|Win32
		{A890035A-37F1-4EE1-B1F9-4028BF979BF2}.Release|x86.Build.0 = Release|Win32
		{242F25CA-A79A-4390-A918-D0AF6BBF35A9}.Debug|x64.ActiveCfg = Debug|x64
		{242F25CA-A79A-4390-A918-D0AF6BBF35A9}.Debug|x64.Build.0 = Debug|x64
		{242F25CA-A79A-4390-A918-D0AF6BBF35A9}.Debug|x86.ActiveCfg = Debug|Win32
		{242F25CA-A79A-4390-A918-D0AF6BBF35A9}.Debug|x86.Build.0 = Debug|Win32
		{242F25CA-A79A-4390-A918-D0AF6BBF35A9}.Release|x64.ActiveCfg = Release|x64
		{242F25CA-A79A-4390-A918-D0AF6BBF35A9}.Release|x64.Build.0 = Release|x64
		{242F25CA-A79A-4390-A918-D0AF6BBF35A9}.Release|x86.ActiveCfg = Release|Win32
		{242F25CA-A79A-4390-A918-D0AF6BBF35A9}.Release|x86.Build.0 = Release|Win32
		{4F03C3F8-4AD0-47BF-A7FB-BAD8F6551467}.Debug|x64.ActiveCfg = Debug|x64
		{4F03C3F8-4AD0-47BF-A7FB-BAD8F6551467}.Debug|x64.Build.0 = Debug|x64
		{4F03C3F8-4AD0-47BF-A7FB-BAD8F6551467}.Debug|x86.ActiveCfg = Debug|Win32
		{4F03C3F8-4AD0-47BF-A7FB-BAD8F6551467}.Debug|x86.Build.0 = Debug|Win32
		{4F03C3F8-4AD0-47BF-A7FB-BAD8F6551467}.Release|x64.ActiveCfg = Release|x64
		{4F03C3F8-4AD0-47BF-A7FB-BAD8F6551467}.Release|x64.Build.0 = Release|x64
		{4F03C3F8-4AD0-47BF-A7FB-BAD8F6551467}.Release|x86.ActiveCfg = Release|Win32
		{4F03C3F8-4AD0-47BF-A7FB-BAD8F6551467}.Release|x86.Build.0 = Release|Win32
	EndGlobalSection
	GlobalSection(SolutionProperties) = preSolution
		HideSolutionNode = FALSE
	EndGlobalSection
	GlobalSection(ExtensibilityGlobals) = postSolution
		SolutionGuid = {1B3A0144-3EEC-459A-AE3F-95836CA58070}
	EndGlobalSection
EndGlobal
